
Microsoft Visual Studio Solution File, Format Version 12.00
# Visual Studio Version 16
VisualStudioVersion = 16.0.30611.23
MinimumVisualStudioVersion = 10.0.40219.1
Project("{FAE04EC0-301F-11D3-BF4B-00C04F79EFBC}") = "PreheatingStationControl", "PreheatingStationControl\PreheatingStationControl.csproj", "{A83B0183-5C91-4500-923D-A7613BEFD217}"
EndProject
Global
	GlobalSection(SolutionConfigurationPlatforms) = preSolution
		Debug|Any CPU = Debug|Any CPU
		Release|Any CPU = Release|Any CPU
	EndGlobalSection
	GlobalSection(ProjectConfigurationPlatforms) = postSolution
		{A83B0183-5C91-4500-923D-A7613BEFD217}.Debug|Any CPU.ActiveCfg = Debug|Any CPU
		{A83B0183-5C91-4500-923D-A7613BEFD217}.Debug|Any CPU.Build.0 = Debug|Any CPU
		{A83B0183-5C91-4500-923D-A7613BEFD217}.Release|Any CPU.ActiveCfg = Release|Any CPU
		{A83B0183-5C91-4500-923D-A7613BEFD217}.Release|Any CPU.Build.0 = Release|Any CPU
	EndGlobalSection
	GlobalSection(SolutionProperties) = preSolution
		HideSolutionNode = FALSE
	EndGlobalSection
	GlobalSection(ExtensibilityGlobals) = postSolution
		SolutionGuid = {A6F8A7C3-6E40-4377-A1D2-C2AF5F10A926}
	EndGlobalSection
EndGlobal
